[[package]]
name = "certifi"
version = "2022.6.15"
description = "Python package for providing Mozilla's CA Bundle."
category = "dev"
optional = false
python-versions = ">=3.6"

[[package]]
name = "charset-normalizer"
version = "2.1.0"
description = "The Real First Universal Charset Detector. Open, modern and actively maintained alternative to Chardet."
category = "dev"
optional = false
python-versions = ">=3.6.0"

[package.extras]
unicode-backport = ["unicodedata2"]

[[package]]
name = "idna"
version = "3.3"
description = "Internationalized Domain Names in Applications (IDNA)"
category = "dev"
optional = false
python-versions = ">=3.5"

[[package]]
name = "mwparserfromhell"
version = "0.6.4"
description = "MWParserFromHell is a parser for MediaWiki wikicode."
category = "dev"
optional = false
python-versions = ">= 3.6"

[[package]]
name = "pywikibot"
version = "7.4.0"
description = "Python MediaWiki Bot Framework"
category = "dev"
optional = false
python-versions = ">=3.5.3"

[package.dependencies]
requests = {version = ">=2.20.1", markers = "python_version >= \"3.7\""}
setuptools = [
    {version = ">=48.0.0", markers = "python_version >= \"3.10\""},
    {version = ">=38.5.2", markers = "python_version >= \"3.7\" and python_version < \"3.10\""},
]

[package.extras]
commons-information-py = ["mwparserfromhell (>=0.5.0)"]
eventstreams = ["sseclient (>=0.0.18,<0.0.23)"]
flake8 = ["darglint", "flake8 (>=3.9.1)", "flake8-bugbear (!=21.4.1,!=21.11.28)", "flake8-coding", "flake8-colors (>=0.1.9)", "flake8-comprehensions (>=2.2.0)", "flake8-comprehensions (>=3.1.4)", "flake8-docstrings (>=1.3.1)", "flake8-mock (>=0.3)", "flake8-no-u-prefixed-strings (>=0.2)", "flake8-print (>=2.0.1)", "flake8-quotes (>=2.0.1)", "flake8-string-format", "flake8-tuple (>=0.2.8)", "pep8-naming (>=0.12.1)", "pep8-naming (>=0.12.1,<0.13.0)", "pydocstyle (>=4.0.0)", "pyflakes (>=2.1.0)"]
google = ["google (>=1.7)"]
graphviz = ["pydot (>=1.2)"]
hacking = ["hacking"]
html = ["BeautifulSoup4"]
http = ["fake-useragent"]
isbn = ["python-stdnum (>=1.17)"]
memento = ["memento-client (==0.6.1)"]
mwoauth = ["mwoauth (>=0.2.4,!=0.3.1)"]
mwparserfromhell = ["mwparserfromhell (>=0.5.0)"]
mysql = ["PyMySQL (>=0.7.11,<1.0.0)", "PyMySQL (>=1.0.0)"]
patrol-py = ["mwparserfromhell (>=0.5.0)"]
scripts = ["memento-client (==0.6.1)", "mwparserfromhell (>=0.5.0)"]
tkinter = ["Pillow (>=8.1.1)"]
weblinkchecker-py = ["memento-client (==0.6.1)"]
wikitextparser = ["wikitextparser (>=0.47.0)", "wikitextparser (>=0.47.5)"]

[[package]]
name = "requests"
version = "2.28.1"
description = "Python HTTP for Humans."
category = "dev"
optional = false
python-versions = ">=3.7, <4"

[package.dependencies]
certifi = ">=2017.4.17"
charset-normalizer = ">=2,<3"
idna = ">=2.5,<4"
urllib3 = ">=1.21.1,<1.27"

[package.extras]
socks = ["PySocks (>=1.5.6,!=1.5.7)"]
use-chardet-on-py3 = ["chardet (>=3.0.2,<6)"]

[[package]]
name = "setuptools"
version = "65.5.1"
description = "Easily download, build, install, upgrade, and uninstall Python packages"
category = "main"
optional = false
python-versions = ">=3.7"

[package.extras]
docs = ["furo", "jaraco.packaging (>=9)", "jaraco.tidelift (>=1.4)", "pygments-github-lexers (==0.0.5)", "rst.linker (>=1.9)", "sphinx (>=3.5)", "sphinx-favicon", "sphinx-hoverxref (<2)", "sphinx-inline-tabs", "sphinx-notfound-page (==0.8.3)", "sphinx-reredirects", "sphinxcontrib-towncrier"]
testing = ["build[virtualenv]", "filelock (>=3.4.0)", "flake8 (<5)", "flake8-2020", "ini2toml[lite] (>=0.9)", "jaraco.envs (>=2.2)", "jaraco.path (>=3.2.0)", "pip (>=19.1)", "pip-run (>=8.8)", "pytest (>=6)", "pytest-black (>=0.3.7)", "pytest-checkdocs (>=2.4)", "pytest-cov", "pytest-enabler (>=1.3)", "pytest-flake8", "pytest-mypy (>=0.9.1)", "pytest-perf", "pytest-timeout", "pytest-xdist", "tomli-w (>=1.0.0)", "virtualenv (>=13.0.0)", "wheel"]
testing-integration = ["build[virtualenv]", "filelock (>=3.4.0)", "jaraco.envs (>=2.2)", "jaraco.path (>=3.2.0)", "pytest", "pytest-enabler", "pytest-xdist", "tomli", "virtualenv (>=13.0.0)", "wheel"]

[[package]]
name = "urllib3"
version = "1.26.9"
description = "HTTP library with thread-safe connection pooling, file post, and more."
category = "dev"
optional = false
python-versions = ">=2.7, !=3.0.*, !=3.1.*, !=3.2.*, !=3.3.*, !=3.4.*, <4"

[package.extras]
brotli = ["brotli (>=1.0.9)", "brotlicffi (>=0.8.0)", "brotlipy (>=0.6.0)"]
secure = ["certifi", "cryptography (>=1.3.4)", "idna (>=2.0.0)", "ipaddress", "pyOpenSSL (>=0.14)"]
socks = ["PySocks (>=1.5.6,!=1.5.7,<2.0)"]

[metadata]
lock-version = "1.1"
python-versions = "^3.8"
content-hash = "d85a41c7c02b716c8a8d6f8f2ec14f62c68c493370ebe16312c067fbc400e760"

[metadata.files]
certifi = [
    {file = "certifi-2022.6.15-py3-none-any.whl", hash = "sha256:fe86415d55e84719d75f8b69414f6438ac3547d2078ab91b67e779ef69378412"},
    {file = "certifi-2022.6.15.tar.gz", hash = "sha256:84c85a9078b11105f04f3036a9482ae10e4621616db313fe045dd24743a0820d"},
]
charset-normalizer = [
    {file = "charset-normalizer-2.1.0.tar.gz", hash = "sha256:575e708016ff3a5e3681541cb9d79312c416835686d054a23accb873b254f413"},
    {file = "charset_normalizer-2.1.0-py3-none-any.whl", hash = "sha256:5189b6f22b01957427f35b6a08d9a0bc45b46d3788ef5a92e978433c7a35f8a5"},
]
idna = [
    {file = "idna-3.3-py3-none-any.whl", hash = "sha256:84d9dd047ffa80596e0f246e2eab0b391788b0503584e8945f2368256d2735ff"},
    {file = "idna-3.3.tar.gz", hash = "sha256:9d643ff0a55b762d5cdb124b8eaa99c66322e2157b69160bc32796e824360e6d"},
]
mwparserfromhell = [
    {file = "mwparserfromhell-0.6.4-cp310-cp310-macosx_10_15_x86_64.whl", hash = "sha256:fc4f5718e761a3f5ad76eb9089e0792ed3a6786095abe098e37e7ac7af76afef"},
    {file = "mwparserfromhell-0.6.4-cp310-cp310-manylinux_2_17_aarch64.manylinux2014_aarch64.whl", hash = "sha256:b7f19e7d064c467f32e0704becd81c841a807335934134d6aa859d98d01c7cf3"},
    {file = "mwparserfromhell-0.6.4-cp310-cp310-manylinux_2_17_x86_64.manylinux2014_x86_64.whl", hash = "sha256:511ff847cddb8e7014b6afb0af5dbdb5cf05ada67e31fc39efa34fbbdccb8e8b"},
    {file = "mwparserfromhell-0.6.4-cp36-cp36m-macosx_10_14_x86_64.whl", hash = "sha256:60d86c8d3501edc1331b37df72b74689ee392da077c36a8b453460b8e3714cdd"},
    {file = "mwparserfromhell-0.6.4-cp36-cp36m-manylinux_2_17_aarch64.manylinux2014_aarch64.whl", hash = "sha256:54d9819c11530fc00b8a70fa3508898109b3df72336f7b8e52f8faffbe03ee88"},
    {file = "mwparserfromhell-0.6.4-cp36-cp36m-manylinux_2_5_x86_64.manylinux1_x86_64.manylinux_2_17_x86_64.manylinux2014_x86_64.whl", hash = "sha256:2d983914c19dee5c2a13298b1ccd3a1ed2b65c81d322b7e7df99cd5386a460c6"},
    {file = "mwparserfromhell-0.6.4-cp36-cp36m-manylinux_2_5_x86_64.manylinux1_x86_64.whl", hash = "sha256:1c908c9738c5c6bce04b825b3f95592d971ff439ace294a86fc758070afc6d0c"},
    {file = "mwparserfromhell-0.6.4-cp36-cp36m-win32.whl", hash = "sha256:abae1052b9c12a8814c76dd26ec9cfdd71102e7f89c28fb58a5fba7ee55ad1bc"},
    {file = "mwparserfromhell-0.6.4-cp36-cp36m-win_amd64.whl", hash = "sha256:f8c450c39ef647678831ecf9a1f8236521d369afc4ae59a9c601d07f298eda35"},
    {file = "mwparserfromhell-0.6.4-cp37-cp37m-macosx_10_14_x86_64.whl", hash = "sha256:5dfd7f57fa3d516b21790ef7f6094119082baa2e6072cef78fb9f999b77e674f"},
    {file = "mwparserfromhell-0.6.4-cp37-cp37m-manylinux_2_17_aarch64.manylinux2014_aarch64.whl", hash = "sha256:cd0a74474ed6e85808c874511d28a253ffd2d1e5a3abe915705a25804212ac73"},
    {file = "mwparserfromhell-0.6.4-cp37-cp37m-manylinux_2_5_x86_64.manylinux1_x86_64.manylinux_2_17_x86_64.manylinux2014_x86_64.whl", hash = "sha256:a344ceabde013aa2f9b23494e73af11b99795f63a30124e955c185de2c8ae397"},
    {file = "mwparserfromhell-0.6.4-cp37-cp37m-manylinux_2_5_x86_64.manylinux1_x86_64.whl", hash = "sha256:82010e5b5da130cbcb002747f5592ffca73488e0e9cf1ebdfef6e8559c535c41"},
    {file = "mwparserfromhell-0.6.4-cp37-cp37m-win32.whl", hash = "sha256:2d6e124396ee41c35ea12017a66c560abb1f7f51bee04e631a149318adaf15e2"},
    {file = "mwparserfromhell-0.6.4-cp37-cp37m-win_amd64.whl", hash = "sha256:0519497b8a7472298324ef92e1e82c1ab5cab85b4d64462d7ae46c4464c8b872"},
    {file = "mwparserfromhell-0.6.4-cp38-cp38-macosx_10_14_x86_64.whl", hash = "sha256:dd81220d66bf829664a6f911b3f58e7af3061fd7fdee68c0fc9731f5bcd7519d"},
    {file = "mwparserfromhell-0.6.4-cp38-cp38-manylinux_2_17_aarch64.manylinux2014_aarch64.whl", hash = "sha256:203ad9cd78dec7480fde45c9f49d0bc2a2eaa28fa1b585461fb9f56f6587f46c"},
    {file = "mwparserfromhell-0.6.4-cp38-cp38-manylinux_2_5_x86_64.manylinux1_x86_64.manylinux_2_17_x86_64.manylinux2014_x86_64.whl", hash = "sha256:d63d76f576e133c14a29f1ad2f3fc2afa17b74945ebc017e8d7d3bcb59f5243c"},
    {file = "mwparserfromhell-0.6.4-cp38-cp38-manylinux_2_5_x86_64.manylinux1_x86_64.whl", hash = "sha256:7f5682ab9e1a55b20e9fb669582493d196c76a512276456848153c39d726d7d2"},
    {file = "mwparserfromhell-0.6.4-cp38-cp38-win32.whl", hash = "sha256:e0c3d3bc409f8ac1221639ee2dab0dc830711d9a56a39014aad2824c2c98b3e2"},
    {file = "mwparserfromhell-0.6.4-cp38-cp38-win_amd64.whl", hash = "sha256:18dac5162471c38e5bbf6ee3698c49d2753e8dde372864112fdaf81047ce89d3"},
    {file = "mwparserfromhell-0.6.4-cp39-cp39-macosx_10_15_x86_64.whl", hash = "sha256:7c822985760b9e82857ecfb99dbb60ac35d0ebf7b2977a0215c7c56fe70c2b68"},
    {file = "mwparserfromhell-0.6.4-cp39-cp39-manylinux_2_17_aarch64.manylinux2014_aarch64.whl", hash = "sha256:d521a2e3787c83ecf607a7806ae655d32f3c3884b2dcf35a388183c6028ddce4"},
    {file = "mwparserfromhell-0.6.4-cp39-cp39-manylinux_2_5_x86_64.manylinux1_x86_64.manylinux_2_17_x86_64.manylinux2014_x86_64.whl", hash = "sha256:42eb94a6bad20b7f8845fd2900a45373cb4d414d5a357b27457c7c6c259115c5"},
    {file = "mwparserfromhell-0.6.4-cp39-cp39-manylinux_2_5_x86_64.manylinux1_x86_64.whl", hash = "sha256:da2568e2a492dcc913f1c026434371af7a24e05dc56450c3ab063d9e580b48f2"},
    {file = "mwparserfromhell-0.6.4-cp39-cp39-win32.whl", hash = "sha256:3e5f4bb96b68557acd14c4baa62cbe440b6e6d0f5263cb4860d37e1ceeada2a7"},
    {file = "mwparserfromhell-0.6.4-cp39-cp39-win_amd64.whl", hash = "sha256:0c2bbb36110410b5f6d6d8b2f35f65f8ec8f57c0477609d35bcaac4784a59e5a"},
    {file = "mwparserfromhell-0.6.4.tar.gz", hash = "sha256:92bec9528ae34d272893ccaf2b527df85c314ff28cfbb3056340467b095d834c"},
]
pywikibot = [
    {file = "pywikibot-7.4.0-py3-none-any.whl", hash = "sha256:a3d5030a602c5b3f87698aeb8eee278f3a8c117fe87f19bc76022cce37061ca8"},
    {file = "pywikibot-7.4.0.tar.gz", hash = "sha256:c797f68b54322f9bb198cb6ea1d1a34327ab18ccec48cba5b7096981cdfa04ec"},
]
requests = [
    {file = "requests-2.28.1-py3-none-any.whl", hash = "sha256:8fefa2a1a1365bf5520aac41836fbee479da67864514bdb821f31ce07ce65349"},
    {file = "requests-2.28.1.tar.gz", hash = "sha256:7c5599b102feddaa661c826c56ab4fee28bfd17f5abca1ebbe3e7f19d7c97983"},
]
setuptools = [
    {file = "setuptools-65.5.1-py3-none-any.whl", hash = "sha256:d0b9a8433464d5800cbe05094acf5c6d52a91bfac9b52bcfc4d41382be5d5d31"},
    {file = "setuptools-65.5.1.tar.gz", hash = "sha256:e197a19aa8ec9722928f2206f8de752def0e4c9fc6953527360d1c36d94ddb2f"},
]
urllib3 = [
    {file = "urllib3-1.26.9-py2.py3-none-any.whl", hash = "sha256:44ece4d53fb1706f667c9bd1c648f5469a2ec925fcf3a776667042d645472c14"},
    {file = "urllib3-1.26.9.tar.gz", hash = "sha256:aabaf16477806a5e1dd19aa41f8c2b7950dd3c746362d7e3223dbe6de6ac448e"},
]
